
Microsoft Visual Studio Solution File, Format Version 12.00
# Visual Studio Version 17
VisualStudioVersion = 17.4.33122.133
MinimumVisualStudioVersion = 10.0.40219.1
Project("{FAE04EC0-301F-11D3-BF4B-00C04F79EFBC}") = "Infinite.DesignPattern.Singleton", "Infinite.DesignPattern.Singleton\Infinite.DesignPattern.Singleton.csproj", "{0AED98CB-E798-4431-948F-375F1F5FD883}"
EndProject
Project("{FAE04EC0-301F-11D3-BF4B-00C04F79EFBC}") = "Infinite.DesignPattern.Factory", "Infinite.DesignPattern.Factory\Infinite.DesignPattern.Factory.csproj", "{0BD214EB-921C-45A4-8AD7-2B76E7AA9E66}"
EndProject
Global
	GlobalSection(SolutionConfigurationPlatforms) = preSolution
		Debug|Any CPU = Debug|Any CPU
		Release|Any CPU = Release|Any CPU
	EndGlobalSection
	GlobalSection(ProjectConfigurationPlatforms) = postSolution
		{0AED98CB-E798-4431-948F-375F1F5FD883}.Debug|Any CPU.ActiveCfg = Debug|Any CPU
		{0AED98CB-E798-4431-948F-375F1F5FD883}.Debug|Any CPU.Build.0 = Debug|Any CPU
		{0AED98CB-E798-4431-948F-375F1F5FD883}.Release|Any CPU.ActiveCfg = Release|Any CPU
		{0AED98CB-E798-4431-948F-375F1F5FD883}.Release|Any CPU.Build.0 = Release|Any CPU
		{0BD214EB-921C-45A4-8AD7-2B76E7AA9E66}.Debug|Any CPU.ActiveCfg = Debug|Any CPU
		{0BD214EB-921C-45A4-8AD7-2B76E7AA9E66}.Debug|Any CPU.Build.0 = Debug|Any CPU
		{0BD214EB-921C-45A4-8AD7-2B76E7AA9E66}.Release|Any CPU.ActiveCfg = Release|Any CPU
		{0BD214EB-921C-45A4-8AD7-2B76E7AA9E66}.Release|Any CPU.Build.0 = Release|Any CPU
	EndGlobalSection
	GlobalSection(SolutionProperties) = preSolution
		HideSolutionNode = FALSE
	EndGlobalSection
	GlobalSection(ExtensibilityGlobals) = postSolution
		SolutionGuid = {994E2269-D706-4161-9035-501CBC38FCC4}
	EndGlobalSection
EndGlobal
